
Microsoft Visual Studio Solution File, Format Version 12.00
# Visual Studio 15
VisualStudioVersion = 15.0.28307.572
MinimumVisualStudioVersion = 10.0.40219.1
Project("{FAE04EC0-301F-11D3-BF4B-00C04F79EFBC}") = "BasicSkillsTest", "BasicSkillsTest\BasicSkillsTest.csproj", "{E53F970F-C141-4C27-AD66-6C5936940913}"
EndProject
Project("{2150E333-8FDC-42A3-9474-1A3956D46DE8}") = "Solution Items", "Solution Items", "{93D9CFF2-D678-490B-AAE1-584A86FFED1D}"
EndProject
Global
	GlobalSection(SolutionConfigurationPlatforms) = preSolution
		Debug|Any CPU = Debug|Any CPU
		Release|Any CPU = Release|Any CPU
	EndGlobalSection
	GlobalSection(ProjectConfigurationPlatforms) = postSolution
		{E53F970F-C141-4C27-AD66-6C5936940913}.Debug|Any CPU.ActiveCfg = Debug|Any CPU
		{E53F970F-C141-4C27-AD66-6C5936940913}.Debug|Any CPU.Build.0 = Debug|Any CPU
		{E53F970F-C141-4C27-AD66-6C5936940913}.Release|Any CPU.ActiveCfg = Release|Any CPU
		{E53F970F-C141-4C27-AD66-6C5936940913}.Release|Any CPU.Build.0 = Release|Any CPU
	EndGlobalSection
	GlobalSection(SolutionProperties) = preSolution
		HideSolutionNode = FALSE
	EndGlobalSection
	GlobalSection(ExtensibilityGlobals) = postSolution
		SolutionGuid = {EADC1407-0F2E-4CC3-A0EC-86AFCE5C32BC}
	EndGlobalSection
EndGlobal
